// !$*UTF8*$!
{
	archiveVersion = 1;
	classes = {
	};
	objectVersion = 46;
	objects = {

/* Begin PBXBuildFile section */
		0C1BCD0C1579D87200EF990B /* UIKit.framework in Frameworks */ = {isa = PBXBuildFile; fileRef = 0C1BCD0B1579D87200EF990B /* UIKit.framework */; };
		0C1BCD0E1579D87200EF990B /* Foundation.framework in Frameworks */ = {isa = PBXBuildFile; fileRef = 0C1BCD0D1579D87200EF990B /* Foundation.framework */; };
		0C1BCD101579D87200EF990B /* CoreGraphics.framework in Frameworks */ = {isa = PBXBuildFile; fileRef = 0C1BCD0F1579D87200EF990B /* CoreGraphics.framework */; };
		0C1BCD161579D87200EF990B /* InfoPlist.strings in Resources */ = {isa = PBXBuildFile; fileRef = 0C1BCD141579D87200EF990B /* InfoPlist.strings */; };
		0C1BCD181579D87200EF990B /* main.m in Sources */ = {isa = PBXBuildFile; fileRef = 0C1BCD171579D87200EF990B /* main.m */; };
		0C1BCD1C1579D87200EF990B /* RBAppDelegate.m in Sources */ = {isa = PBXBuildFile; fileRef = 0C1BCD1B1579D87200EF990B /* RBAppDelegate.m */; };
		0C1BCD211579D87200EF990B /* MainStoryboard.storyboard in Resources */ = {isa = PBXBuildFile; fileRef = 0C1BCD1F1579D87200EF990B /* MainStoryboard.storyboard */; };
		0C1BCD241579D87200EF990B /* RBMapListViewController.m in Sources */ = {isa = PBXBuildFile; fileRef = 0C1BCD231579D87200EF990B /* RBMapListViewController.m */; };
		0C1BCD2E1579D99500EF990B /* AddressBook.framework in Frameworks */ = {isa = PBXBuildFile; fileRef = 0C1BCD2A1579D99500EF990B /* AddressBook.framework */; };
		0C1BCD2F1579D99500EF990B /* AddressBookUI.framework in Frameworks */ = {isa = PBXBuildFile; fileRef = 0C1BCD2B1579D99500EF990B /* AddressBookUI.framework */; };
		0C1BCD301579D99500EF990B /* CoreLocation.framework in Frameworks */ = {isa = PBXBuildFile; fileRef = 0C1BCD2C1579D99500EF990B /* CoreLocation.framework */; };
		0C1BCD311579D99500EF990B /* MapKit.framework in Frameworks */ = {isa = PBXBuildFile; fileRef = 0C1BCD2D1579D99500EF990B /* MapKit.framework */; };
/* End PBXBuildFile section */

/* Begin PBXFileReference section */
		0C1BCD071579D87200EF990B /* Rebuilt.app */ = {isa = PBXFileReference; explicitFileType = wrapper.application; includeInIndex = 0; path = Rebuilt.app; sourceTree = BUILT_PRODUCTS_DIR; };
		0C1BCD0B1579D87200EF990B /* UIKit.framework */ = {isa = PBXFileReference; lastKnownFileType = wrapper.framework; name = UIKit.framework; path = System/Library/Frameworks/UIKit.framework; sourceTree = SDKROOT; };
		0C1BCD0D1579D87200EF990B /* Foundation.framework */ = {isa = PBXFileReference; lastKnownFileType = wrapper.framework; name = Foundation.framework; path = System/Library/Frameworks/Foundation.framework; sourceTree = SDKROOT; };
		0C1BCD0F1579D87200EF990B /* CoreGraphics.framework */ = {isa = PBXFileReference; lastKnownFileType = wrapper.framework; name = CoreGraphics.framework; path = System/Library/Frameworks/CoreGraphics.framework; sourceTree = SDKROOT; };
		0C1BCD131579D87200EF990B /* Rebuilt-Info.plist */ = {isa = PBXFileReference; lastKnownFileType = text.plist.xml; path = "Rebuilt-Info.plist"; sourceTree = "<group>"; };
		0C1BCD151579D87200EF990B /* en */ = {isa = PBXFileReference; lastKnownFileType = text.plist.strings; name = en; path = en.lproj/InfoPlist.strings; sourceTree = "<group>"; };
		0C1BCD171579D87200EF990B /* main.m */ = {isa = PBXFileReference; lastKnownFileType = sourcecode.c.objc; path = main.m; sourceTree = "<group>"; };
		0C1BCD191579D87200EF990B /* Rebuilt-Prefix.pch */ = {isa = PBXFileReference; lastKnownFileType = sourcecode.c.h; path = "Rebuilt-Prefix.pch"; sourceTree = "<group>"; };
		0C1BCD1A1579D87200EF990B /* RBAppDelegate.h */ = {isa = PBXFileReference; lastKnownFileType = sourcecode.c.h; path = RBAppDelegate.h; sourceTree = "<group>"; };
		0C1BCD1B1579D87200EF990B /* RBAppDelegate.m */ = {isa = PBXFileReference; lastKnownFileType = sourcecode.c.objc; path = RBAppDelegate.m; sourceTree = "<group>"; };
		0C1BCD201579D87200EF990B /* en */ = {isa = PBXFileReference; lastKnownFileType = file.storyboard; name = en; path = en.lproj/MainStoryboard.storyboard; sourceTree = "<group>"; };
		0C1BCD221579D87200EF990B /* RBMapListViewController.h */ = {isa = PBXFileReference; lastKnownFileType = sourcecode.c.h; path = RBMapListViewController.h; sourceTree = "<group>"; };
		0C1BCD231579D87200EF990B /* RBMapListViewController.m */ = {isa = PBXFileReference; lastKnownFileType = sourcecode.c.objc; path = RBMapListViewController.m; sourceTree = "<group>"; };
		0C1BCD2A1579D99500EF990B /* AddressBook.framework */ = {isa = PBXFileReference; lastKnownFileType = wrapper.framework; name = AddressBook.framework; path = System/Library/Frameworks/AddressBook.framework; sourceTree = SDKROOT; };
		0C1BCD2B1579D99500EF990B /* AddressBookUI.framework */ = {isa = PBXFileReference; lastKnownFileType = wrapper.framework; name = AddressBookUI.framework; path = System/Library/Frameworks/AddressBookUI.framework; sourceTree = SDKROOT; };
		0C1BCD2C1579D99500EF990B /* CoreLocation.framework */ = {isa = PBXFileReference; lastKnownFileType = wrapper.framework; name = CoreLocation.framework; path = System/Library/Frameworks/CoreLocation.framework; sourceTree = SDKROOT; };
		0C1BCD2D1579D99500EF990B /* MapKit.framework */ = {isa = PBXFileReference; lastKnownFileType = wrapper.framework; name = MapKit.framework; path = System/Library/Frameworks/MapKit.framework; sourceTree = SDKROOT; };
/* End PBXFileReference section */

/* Begin PBXFrameworksBuildPhase section */
		0C1BCD041579D87200EF990B /* Frameworks */ = {
			isa = PBXFrameworksBuildPhase;
			buildActionMask = 2147483647;
			files = (
				0C1BCD2E1579D99500EF990B /* AddressBook.framework in Frameworks */,
				0C1BCD2F1579D99500EF990B /* AddressBookUI.framework in Frameworks */,
				0C1BCD301579D99500EF990B /* CoreLocation.framework in Frameworks */,
				0C1BCD311579D99500EF990B /* MapKit.framework in Frameworks */,
				0C1BCD0C1579D87200EF990B /* UIKit.framework in Frameworks */,
				0C1BCD0E1579D87200EF990B /* Foundation.framework in Frameworks */,
				0C1BCD101579D87200EF990B /* CoreGraphics.framework in Frameworks */,
			);
			runOnlyForDeploymentPostprocessing = 0;
		};
/* End PBXFrameworksBuildPhase section */

/* Begin PBXGroup section */
		0C1BCCFC1579D87200EF990B = {
			isa = PBXGroup;
			children = (
				0C1BCD111579D87200EF990B /* Rebuilt */,
				0C1BCD0A1579D87200EF990B /* Frameworks */,
				0C1BCD081579D87200EF990B /* Products */,
			);
			sourceTree = "<group>";
		};
		0C1BCD081579D87200EF990B /* Products */ = {
			isa = PBXGroup;
			children = (
				0C1BCD071579D87200EF990B /* Rebuilt.app */,
			);
			name = Products;
			sourceTree = "<group>";
		};
		0C1BCD0A1579D87200EF990B /* Frameworks */ = {
			isa = PBXGroup;
			children = (
				0C1BCD2A1579D99500EF990B /* AddressBook.framework */,
				0C1BCD2B1579D99500EF990B /* AddressBookUI.framework */,
				0C1BCD2C1579D99500EF990B /* CoreLocation.framework */,
				0C1BCD2D1579D99500EF990B /* MapKit.framework */,
				0C1BCD0B1579D87200EF990B /* UIKit.framework */,
				0C1BCD0D1579D87200EF990B /* Foundation.framework */,
				0C1BCD0F1579D87200EF990B /* CoreGraphics.framework */,
			);
			name = Frameworks;
			sourceTree = "<group>";
		};
		0C1BCD111579D87200EF990B /* Rebuilt */ = {
			isa = PBXGroup;
			children = (
				0C1BCD1A1579D87200EF990B /* RBAppDelegate.h */,
				0C1BCD1B1579D87200EF990B /* RBAppDelegate.m */,
				0C1BCD1F1579D87200EF990B /* MainStoryboard.storyboard */,
				0C1BCD221579D87200EF990B /* RBMapListViewController.h */,
				0C1BCD231579D87200EF990B /* RBMapListViewController.m */,
				0C1BCD121579D87200EF990B /* Supporting Files */,
			);
			path = Rebuilt;
			sourceTree = "<group>";
		};
		0C1BCD121579D87200EF990B /* Supporting Files */ = {
			isa = PBXGroup;
			children = (
				0C1BCD131579D87200EF990B /* Rebuilt-Info.plist */,
				0C1BCD141579D87200EF990B /* InfoPlist.strings */,
				0C1BCD171579D87200EF990B /* main.m */,
				0C1BCD191579D87200EF990B /* Rebuilt-Prefix.pch */,
			);
			name = "Supporting Files";
			sourceTree = "<group>";
		};
/* End PBXGroup section */

/* Begin PBXNativeTarget section */
		0C1BCD061579D87200EF990B /* Rebuilt */ = {
			isa = PBXNativeTarget;
			buildConfigurationList = 0C1BCD271579D87200EF990B /* Build configuration list for PBXNativeTarget "Rebuilt" */;
			buildPhases = (
				0C1BCD031579D87200EF990B /* Sources */,
				0C1BCD041579D87200EF990B /* Frameworks */,
				0C1BCD051579D87200EF990B /* Resources */,
			);
			buildRules = (
			);
			dependencies = (
			);
			name = Rebuilt;
			productName = Rebuilt;
			productReference = 0C1BCD071579D87200EF990B /* Rebuilt.app */;
			productType = "com.apple.product-type.application";
		};
/* End PBXNativeTarget section */

/* Begin PBXProject section */
		0C1BCCFE1579D87200EF990B /* Project object */ = {
			isa = PBXProject;
			attributes = {
				CLASSPREFIX = RB;
				LastUpgradeCheck = 0440;
				ORGANIZATIONNAME = Cade;
			};
			buildConfigurationList = 0C1BCD011579D87200EF990B /* Build configuration list for PBXProject "Rebuilt" */;
			compatibilityVersion = "Xcode 3.2";
			developmentRegion = English;
			hasScannedForEncodings = 0;
			knownRegions = (
				en,
			);
			mainGroup = 0C1BCCFC1579D87200EF990B;
			productRefGroup = 0C1BCD081579D87200EF990B /* Products */;
			projectDirPath = "";
			projectRoot = "";
			targets = (
				0C1BCD061579D87200EF990B /* Rebuilt */,
			);
		};
/* End PBXProject section */

/* Begin PBXResourcesBuildPhase section */
		0C1BCD051579D87200EF990B /* Resources */ = {
			isa = PBXResourcesBuildPhase;
			buildActionMask = 2147483647;
			files = (
				0C1BCD161579D87200EF990B /* InfoPlist.strings in Resources */,
				0C1BCD211579D87200EF990B /* MainStoryboard.storyboard in Resources */,
			);
			runOnlyForDeploymentPostprocessing = 0;
		};
/* End PBXResourcesBuildPhase section */

/* Begin PBXSourcesBuildPhase section */
		0C1BCD031579D87200EF990B /* Sources */ = {
			isa = PBXSourcesBuildPhase;
			buildActionMask = 2147483647;
			files = (
				0C1BCD181579D87200EF990B /* main.m in Sources */,
				0C1BCD1C1579D87200EF990B /* RBAppDelegate.m in Sources */,
				0C1BCD241579D87200EF990B /* RBMapListViewController.m in Sources */,
			);
			runOnlyForDeploymentPostprocessing = 0;
		};
/* End PBXSourcesBuildPhase section */

/* Begin PBXVariantGroup section */
		0C1BCD141579D87200EF990B /* InfoPlist.strings */ = {
			isa = PBXVariantGroup;
			children = (
				0C1BCD151579D87200EF990B /* en */,
			);
			name = InfoPlist.strings;
			sourceTree = "<group>";
		};
		0C1BCD1F1579D87200EF990B /* MainStoryboard.storyboard */ = {
			isa = PBXVariantGroup;
			children = (
				0C1BCD201579D87200EF990B /* en */,
			);
			name = MainStoryboard.storyboard;
			sourceTree = "<group>";
		};
/* End PBXVariantGroup section */

/* Begin XCBuildConfiguration section */
		0C1BCD251579D87200EF990B /* Debug */ = {
			isa = XCBuildConfiguration;
			buildSettings = {
				ALWAYS_SEARCH_USER_PATHS = NO;
				ARCHS = "$(ARCHS_STANDARD_32_BIT)";
				CLANG_CXX_LANGUAGE_STANDARD = "gnu++0x";
				CLANG_ENABLE_OBJC_ARC = YES;
				CLANG_WARN__DUPLICATE_METHOD_MATCH = YES;
				CODE_SIGN_IDENTITY = "iPhone Developer";
				"CODE_SIGN_IDENTITY[sdk=iphoneos*]" = "iPhone Developer";
				COPY_PHASE_STRIP = NO;
				GCC_C_LANGUAGE_STANDARD = gnu99;
				GCC_DYNAMIC_NO_PIC = NO;
				GCC_OPTIMIZATION_LEVEL = 0;
				GCC_PREPROCESSOR_DEFINITIONS = (
					"DEBUG=1",
					"$(inherited)",
				);
				GCC_SYMBOLS_PRIVATE_EXTERN = NO;
				GCC_VERSION = com.apple.compilers.llvm.clang.1_0;
				GCC_WARN_ABOUT_RETURN_TYPE = YES;
				GCC_WARN_UNINITIALIZED_AUTOS = YES;
				GCC_WARN_UNUSED_VARIABLE = YES;
				IPHONEOS_DEPLOYMENT_TARGET = 5.1;
				PROVISIONING_PROFILE = "";
				"PROVISIONING_PROFILE[sdk=iphoneos*]" = "";
				SDKROOT = iphoneos;
			};
			name = Debug;
		};
		0C1BCD261579D87200EF990B /* Release */ = {
			isa = XCBuildConfiguration;
			buildSettings = {
				ALWAYS_SEARCH_USER_PATHS = NO;
				ARCHS = "$(ARCHS_STANDARD_32_BIT)";
				CLANG_CXX_LANGUAGE_STANDARD = "gnu++0x";
				CLANG_ENABLE_OBJC_ARC = YES;
				CLANG_WARN__DUPLICATE_METHOD_MATCH = YES;
				CODE_SIGN_IDENTITY = "iPhone Distribution";
				"CODE_SIGN_IDENTITY[sdk=iphoneos*]" = "iPhone Developer";
				COPY_PHASE_STRIP = YES;
				GCC_C_LANGUAGE_STANDARD = gnu99;
				GCC_VERSION = com.apple.compilers.llvm.clang.1_0;
				GCC_WARN_ABOUT_RETURN_TYPE = YES;
				GCC_WARN_UNINITIALIZED_AUTOS = YES;
				GCC_WARN_UNUSED_VARIABLE = YES;
				IPHONEOS_DEPLOYMENT_TARGET = 5.1;
				OTHER_CFLAGS = "-DNS_BLOCK_ASSERTIONS=1";
				PROVISIONING_PROFILE = "";
				SDKROOT = iphoneos;
				VALIDATE_PRODUCT = YES;
			};
			name = Release;
		};
		0C1BCD281579D87200EF990B /* Debug */ = {
			isa = XCBuildConfiguration;
			buildSettings = {
				GCC_PRECOMPILE_PREFIX_HEADER = YES;
				GCC_PREFIX_HEADER = "Rebuilt/Rebuilt-Prefix.pch";
				INFOPLIST_FILE = "Rebuilt/Rebuilt-Info.plist";
				PRODUCT_NAME = "$(TARGET_NAME)";
				WRAPPER_EXTENSION = app;
			};
			name = Debug;
		};
		0C1BCD291579D87200EF990B /* Release */ = {
			isa = XCBuildConfiguration;
			buildSettings = {
				GCC_PRECOMPILE_PREFIX_HEADER = YES;
				GCC_PREFIX_HEADER = "Rebuilt/Rebuilt-Prefix.pch";
				INFOPLIST_FILE = "Rebuilt/Rebuilt-Info.plist";
				PRODUCT_NAME = "$(TARGET_NAME)";
				WRAPPER_EXTENSION = app;
			};
			name = Release;
		};
/* End XCBuildConfiguration section */

/* Begin XCConfigurationList section */
		0C1BCD011579D87200EF990B /* Build configuration list for PBXProject "Rebuilt" */ = {
			isa = XCConfigurationList;
			buildConfigurations = (
				0C1BCD251579D87200EF990B /* Debug */,
				0C1BCD261579D87200EF990B /* Release */,
			);
			defaultConfigurationIsVisible = 0;
			defaultConfigurationName = Release;
		};
		0C1BCD271579D87200EF990B /* Build configuration list for PBXNativeTarget "Rebuilt" */ = {
			isa = XCConfigurationList;
			buildConfigurations = (
				0C1BCD281579D87200EF990B /* Debug */,
				0C1BCD291579D87200EF990B /* Release */,
			);
			defaultConfigurationIsVisible = 0;
			defaultConfigurationName = Release;
		};
/* End XCConfigurationList section */
	};
	rootObject = 0C1BCCFE1579D87200EF990B /* Project object */;
}
